// !$*UTF8*$!
{
	archiveVersion = 1;
	classes = {
	};
	objectVersion = 46;
	objects = {

/* Begin PBXBuildFile section */
		69C25C3A1D0623AC008B688C /* main.c in Sources */ = {isa = PBXBuildFile; fileRef = 69C25C391D0623AC008B688C /* main.c */; };
		69C25C431D0623DE008B688C /* mylib.c in Sources */ = {isa = PBXBuildFile; fileRef = 69C25C411D0623DE008B688C /* mylib.c */; };
/* End PBXBuildFile section */

/* Begin PBXCopyFilesBuildPhase section */
		69C25C341D0623AC008B688C /* CopyFiles */ = {
			isa = PBXCopyFilesBuildPhase;
			buildActionMask = 2147483647;
			dstPath = /usr/share/man/man1/;
			dstSubfolderSpec = 0;
			files = (
			);
			runOnlyForDeploymentPostprocessing = 1;
		};
/* End PBXCopyFilesBuildPhase section */

/* Begin PBXFileReference section */
		69C25C361D0623AC008B688C /* ipc */ = {isa = PBXFileReference; explicitFileType = "compiled.mach-o.executable"; includeInIndex = 0; path = ipc; sourceTree = BUILT_PRODUCTS_DIR; };
		69C25C391D0623AC008B688C /* main.c */ = {isa = PBXFileReference; lastKnownFileType = sourcecode.c.c; path = main.c; sourceTree = "<group>"; };
		69C25C401D0623DE008B688C /* configuration.txt */ = {isa = PBXFileReference; fileEncoding = 4; lastKnownFileType = text; path = configuration.txt; sourceTree = "<group>"; };
		69C25C411D0623DE008B688C /* mylib.c */ = {isa = PBXFileReference; fileEncoding = 4; lastKnownFileType = sourcecode.c.c; path = mylib.c; sourceTree = "<group>"; };
		69C25C421D0623DE008B688C /* mylib.h */ = {isa = PBXFileReference; fileEncoding = 4; lastKnownFileType = sourcecode.c.h; path = mylib.h; sourceTree = "<group>"; };
/* End PBXFileReference section */

/* Begin PBXFrameworksBuildPhase section */
		69C25C331D0623AC008B688C /* Frameworks */ = {
			isa = PBXFrameworksBuildPhase;
			buildActionMask = 2147483647;
			files = (
			);
			runOnlyForDeploymentPostprocessing = 0;
		};
/* End PBXFrameworksBuildPhase section */

/* Begin PBXGroup section */
		69C25C2D1D0623AC008B688C = {
			isa = PBXGroup;
			children = (
				69C25C381D0623AC008B688C /* ipc */,
				69C25C371D0623AC008B688C /* Products */,
			);
			sourceTree = "<group>";
		};
		69C25C371D0623AC008B688C /* Products */ = {
			isa = PBXGroup;
			children = (
				69C25C361D0623AC008B688C /* ipc */,
			);
			name = Products;
			sourceTree = "<group>";
		};
		69C25C381D0623AC008B688C /* ipc */ = {
			isa = PBXGroup;
			children = (
				69C25C401D0623DE008B688C /* configuration.txt */,
				69C25C411D0623DE008B688C /* mylib.c */,
				69C25C421D0623DE008B688C /* mylib.h */,
				69C25C391D0623AC008B688C /* main.c */,
			);
			path = ipc;
			sourceTree = "<group>";
		};
/* End PBXGroup section */

/* Begin PBXNativeTarget section */
		69C25C351D0623AC008B688C /* ipc */ = {
			isa = PBXNativeTarget;
			buildConfigurationList = 69C25C3D1D0623AC008B688C /* Build configuration list for PBXNativeTarget "ipc" */;
			buildPhases = (
				69C25C321D0623AC008B688C /* Sources */,
				69C25C331D0623AC008B688C /* Frameworks */,
				69C25C341D0623AC008B688C /* CopyFiles */,
			);
			buildRules = (
			);
			dependencies = (
			);
			name = ipc;
			productName = ipc;
			productReference = 69C25C361D0623AC008B688C /* ipc */;
			productType = "com.apple.product-type.tool";
		};
/* End PBXNativeTarget section */

/* Begin PBXProject section */
		69C25C2E1D0623AC008B688C /* Project object */ = {
			isa = PBXProject;
			attributes = {
				LastUpgradeCheck = 0730;
				ORGANIZATIONNAME = "Simone Girardi";
				TargetAttributes = {
					69C25C351D0623AC008B688C = {
						CreatedOnToolsVersion = 7.3.1;
					};
				};
			};
			buildConfigurationList = 69C25C311D0623AC008B688C /* Build configuration list for PBXProject "ipc" */;
			compatibilityVersion = "Xcode 3.2";
			developmentRegion = English;
			hasScannedForEncodings = 0;
			knownRegions = (
				en,
			);
			mainGroup = 69C25C2D1D0623AC008B688C;
			productRefGroup = 69C25C371D0623AC008B688C /* Products */;
			projectDirPath = "";
			projectRoot = "";
			targets = (
				69C25C351D0623AC008B688C /* ipc */,
			);
		};
/* End PBXProject section */

/* Begin PBXSourcesBuildPhase section */
		69C25C321D0623AC008B688C /* Sources */ = {
			isa = PBXSourcesBuildPhase;
			buildActionMask = 2147483647;
			files = (
				69C25C3A1D0623AC008B688C /* main.c in Sources */,
				69C25C431D0623DE008B688C /* mylib.c in Sources */,
			);
			runOnlyForDeploymentPostprocessing = 0;
		};
/* End PBXSourcesBuildPhase section */

/* Begin XCBuildConfiguration section */
		69C25C3B1D0623AC008B688C /* Debug */ = {
			isa = XCBuildConfiguration;
			buildSettings = {
				ALWAYS_SEARCH_USER_PATHS = NO;
				CLANG_ANALYZER_NONNULL = YES;
				CLANG_CXX_LANGUAGE_STANDARD = "gnu++0x";
				CLANG_CXX_LIBRARY = "libc++";
				CLANG_ENABLE_MODULES = YES;
				CLANG_ENABLE_OBJC_ARC = YES;
				CLANG_WARN_BOOL_CONVERSION = YES;
				CLANG_WARN_CONSTANT_CONVERSION = YES;
				CLANG_WARN_DIRECT_OBJC_ISA_USAGE = YES_ERROR;
				CLANG_WARN_EMPTY_BODY = YES;
				CLANG_WARN_ENUM_CONVERSION = YES;
				CLANG_WARN_INT_CONVERSION = YES;
				CLANG_WARN_OBJC_ROOT_CLASS = YES_ERROR;
				CLANG_WARN_UNREACHABLE_CODE = YES;
				CLANG_WARN__DUPLICATE_METHOD_MATCH = YES;
				CODE_SIGN_IDENTITY = "-";
				COPY_PHASE_STRIP = NO;
				DEBUG_INFORMATION_FORMAT = dwarf;
				ENABLE_STRICT_OBJC_MSGSEND = YES;
				ENABLE_TESTABILITY = YES;
				GCC_C_LANGUAGE_STANDARD = gnu99;
				GCC_DYNAMIC_NO_PIC = NO;
				GCC_NO_COMMON_BLOCKS = YES;
				GCC_OPTIMIZATION_LEVEL = 0;
				GCC_PREPROCESSOR_DEFINITIONS = (
					"DEBUG=1",
					"$(inherited)",
				);
				GCC_WARN_64_TO_32_BIT_CONVERSION = YES;
				GCC_WARN_ABOUT_RETURN_TYPE = YES_ERROR;
				GCC_WARN_UNDECLARED_SELECTOR = YES;
				GCC_WARN_UNINITIALIZED_AUTOS = YES_AGGRESSIVE;
				GCC_WARN_UNUSED_FUNCTION = YES;
				GCC_WARN_UNUSED_VARIABLE = YES;
				MACOSX_DEPLOYMENT_TARGET = 10.11;
				MTL_ENABLE_DEBUG_INFO = YES;
				ONLY_ACTIVE_ARCH = YES;
				SDKROOT = macosx;
			};
			name = Debug;
		};
		69C25C3C1D0623AC008B688C /* Release */ = {
			isa = XCBuildConfiguration;
			buildSettings = {
				ALWAYS_SEARCH_USER_PATHS = NO;
				CLANG_ANALYZER_NONNULL = YES;
				CLANG_CXX_LANGUAGE_STANDARD = "gnu++0x";
				CLANG_CXX_LIBRARY = "libc++";
				CLANG_ENABLE_MODULES = YES;
				CLANG_ENABLE_OBJC_ARC = YES;
				CLANG_WARN_BOOL_CONVERSION = YES;
				CLANG_WARN_CONSTANT_CONVERSION = YES;
				CLANG_WARN_DIRECT_OBJC_ISA_USAGE = YES_ERROR;
				CLANG_WARN_EMPTY_BODY = YES;
				CLANG_WARN_ENUM_CONVERSION = YES;
				CLANG_WARN_INT_CONVERSION = YES;
				CLANG_WARN_OBJC_ROOT_CLASS = YES_ERROR;
				CLANG_WARN_UNREACHABLE_CODE = YES;
				CLANG_WARN__DUPLICATE_METHOD_MATCH = YES;
				CODE_SIGN_IDENTITY = "-";
				COPY_PHASE_STRIP = NO;
				DEBUG_INFORMATION_FORMAT = "dwarf-with-dsym";
				ENABLE_NS_ASSERTIONS = NO;
				ENABLE_STRICT_OBJC_MSGSEND = YES;
				GCC_C_LANGUAGE_STANDARD = gnu99;
				GCC_NO_COMMON_BLOCKS = YES;
				GCC_WARN_64_TO_32_BIT_CONVERSION = YES;
				GCC_WARN_ABOUT_RETURN_TYPE = YES_ERROR;
				GCC_WARN_UNDECLARED_SELECTOR = YES;
				GCC_WARN_UNINITIALIZED_AUTOS = YES_AGGRESSIVE;
				GCC_WARN_UNUSED_FUNCTION = YES;
				GCC_WARN_UNUSED_VARIABLE = YES;
				MACOSX_DEPLOYMENT_TARGET = 10.11;
				MTL_ENABLE_DEBUG_INFO = NO;
				SDKROOT = macosx;
			};
			name = Release;
		};
		69C25C3E1D0623AC008B688C /* Debug */ = {
			isa = XCBuildConfiguration;
			buildSettings = {
				PRODUCT_NAME = "$(TARGET_NAME)";
			};
			name = Debug;
		};
		69C25C3F1D0623AC008B688C /* Release */ = {
			isa = XCBuildConfiguration;
			buildSettings = {
				PRODUCT_NAME = "$(TARGET_NAME)";
			};
			name = Release;
		};
/* End XCBuildConfiguration section */

/* Begin XCConfigurationList section */
		69C25C311D0623AC008B688C /* Build configuration list for PBXProject "ipc" */ = {
			isa = XCConfigurationList;
			buildConfigurations = (
				69C25C3B1D0623AC008B688C /* Debug */,
				69C25C3C1D0623AC008B688C /* Release */,
			);
			defaultConfigurationIsVisible = 0;
			defaultConfigurationName = Release;
		};
		69C25C3D1D0623AC008B688C /* Build configuration list for PBXNativeTarget "ipc" */ = {
			isa = XCConfigurationList;
			buildConfigurations = (
				69C25C3E1D0623AC008B688C /* Debug */,
				69C25C3F1D0623AC008B688C /* Release */,
			);
			defaultConfigurationIsVisible = 0;
		};
/* End XCConfigurationList section */
	};
	rootObject = 69C25C2E1D0623AC008B688C /* Project object */;
}
