// !$*UTF8*$!
{
	archiveVersion = 1;
	classes = {
	};
	objectVersion = 46;
	objects = {

/* Begin PBXFileReference section */
		69C25C191D061FFD008B688C /* configuration.txt */ = {isa = PBXFileReference; lastKnownFileType = text; path = configuration.txt; sourceTree = "<group>"; };
		69C25C1A1D061FFD008B688C /* ipc_calculator.c */ = {isa = PBXFileReference; lastKnownFileType = sourcecode.c.c; path = ipc_calculator.c; sourceTree = "<group>"; };
		69C25C1B1D061FFD008B688C /* LICENSE */ = {isa = PBXFileReference; lastKnownFileType = text; path = LICENSE; sourceTree = "<group>"; };
		69C25C1C1D061FFD008B688C /* Makefile */ = {isa = PBXFileReference; lastKnownFileType = sourcecode.make; path = Makefile; sourceTree = "<group>"; };
		69C25C1D1D061FFD008B688C /* mylib.c */ = {isa = PBXFileReference; lastKnownFileType = sourcecode.c.c; path = mylib.c; sourceTree = "<group>"; };
		69C25C1E1D061FFD008B688C /* mylib.h */ = {isa = PBXFileReference; lastKnownFileType = sourcecode.c.h; path = mylib.h; sourceTree = "<group>"; };
		69C25C1F1D061FFD008B688C /* run.sh */ = {isa = PBXFileReference; lastKnownFileType = text.script.sh; path = run.sh; sourceTree = "<group>"; };
/* End PBXFileReference section */

/* Begin PBXGroup section */
		69C25C121D061ECF008B688C = {
			isa = PBXGroup;
			children = (
				69C25C191D061FFD008B688C /* configuration.txt */,
				69C25C1A1D061FFD008B688C /* ipc_calculator.c */,
				69C25C1B1D061FFD008B688C /* LICENSE */,
				69C25C1C1D061FFD008B688C /* Makefile */,
				69C25C1D1D061FFD008B688C /* mylib.c */,
				69C25C1E1D061FFD008B688C /* mylib.h */,
				69C25C1F1D061FFD008B688C /* run.sh */,
			);
			sourceTree = "<group>";
		};
/* End PBXGroup section */

/* Begin PBXProject section */
		69C25C131D061ECF008B688C /* Project object */ = {
			isa = PBXProject;
			attributes = {
				LastUpgradeCheck = 0730;
			};
			buildConfigurationList = 69C25C161D061ECF008B688C /* Build configuration list for PBXProject "ipc2" */;
			compatibilityVersion = "Xcode 3.2";
			developmentRegion = English;
			hasScannedForEncodings = 0;
			knownRegions = (
				en,
			);
			mainGroup = 69C25C121D061ECF008B688C;
			projectDirPath = "";
			projectRoot = "";
			targets = (
			);
		};
/* End PBXProject section */

/* Begin XCBuildConfiguration section */
		69C25C171D061ECF008B688C /* Debug */ = {
			isa = XCBuildConfiguration;
			buildSettings = {
			};
			name = Debug;
		};
		69C25C181D061ECF008B688C /* Release */ = {
			isa = XCBuildConfiguration;
			buildSettings = {
			};
			name = Release;
		};
/* End XCBuildConfiguration section */

/* Begin XCConfigurationList section */
		69C25C161D061ECF008B688C /* Build configuration list for PBXProject "ipc2" */ = {
			isa = XCConfigurationList;
			buildConfigurations = (
				69C25C171D061ECF008B688C /* Debug */,
				69C25C181D061ECF008B688C /* Release */,
			);
			defaultConfigurationIsVisible = 0;
			defaultConfigurationName = Release;
		};
/* End XCConfigurationList section */
	};
	rootObject = 69C25C131D061ECF008B688C /* Project object */;
}
